
Microsoft Visual Studio Solution File, Format Version 12.00
# Visual Studio Version 17
VisualStudioVersion = 17.5.33516.290
MinimumVisualStudioVersion = 10.0.40219.1
Project("{9A19103F-16F7-4668-BE54-9A1E7A4F7556}") = "AdvancedAPI", "AdvancedAPI\AdvancedAPI.csproj", "{C8B1A7A2-655B-4CC4-83B8-317E47737D64}"
EndProject
Project("{9A19103F-16F7-4668-BE54-9A1E7A4F7556}") = "AdvancedAPI.Tests", "AdvancedAPI.Tests\AdvancedAPI.Tests.csproj", "{68B1C0FF-763F-49DC-B214-1EA6687BC8BE}"
EndProject
Project("{9A19103F-16F7-4668-BE54-9A1E7A4F7556}") = "AdvancedAPI.Business", "AdvancedAPI.Business\AdvancedAPI.Business.csproj", "{5B50610A-4319-4A94-B572-C206F2D4854C}"
EndProject
Project("{9A19103F-16F7-4668-BE54-9A1E7A4F7556}") = "AdvancedAPI.Data", "AdvancedAPI.Data\AdvancedAPI.Data.csproj", "{00677115-7649-43C1-BDA6-27F403170575}"
EndProject
Project("{2150E333-8FDC-42A3-9474-1A3956D46DE8}") = "Solution Items", "Solution Items", "{086D46AA-3EB5-4C94-980B-F9DDCE428E3F}"
	ProjectSection(SolutionItems) = preProject
		.editorconfig = .editorconfig
	EndProjectSection
EndProject
Global
	GlobalSection(SolutionConfigurationPlatforms) = preSolution
		Debug|Any CPU = Debug|Any CPU
		Release|Any CPU = Release|Any CPU
	EndGlobalSection
	GlobalSection(ProjectConfigurationPlatforms) = postSolution
		{C8B1A7A2-655B-4CC4-83B8-317E47737D64}.Debug|Any CPU.ActiveCfg = Debug|Any CPU
		{C8B1A7A2-655B-4CC4-83B8-317E47737D64}.Debug|Any CPU.Build.0 = Debug|Any CPU
		{C8B1A7A2-655B-4CC4-83B8-317E47737D64}.Release|Any CPU.ActiveCfg = Release|Any CPU
		{C8B1A7A2-655B-4CC4-83B8-317E47737D64}.Release|Any CPU.Build.0 = Release|Any CPU
		{68B1C0FF-763F-49DC-B214-1EA6687BC8BE}.Debug|Any CPU.ActiveCfg = Debug|Any CPU
		{68B1C0FF-763F-49DC-B214-1EA6687BC8BE}.Debug|Any CPU.Build.0 = Debug|Any CPU
		{68B1C0FF-763F-49DC-B214-1EA6687BC8BE}.Release|Any CPU.ActiveCfg = Release|Any CPU
		{68B1C0FF-763F-49DC-B214-1EA6687BC8BE}.Release|Any CPU.Build.0 = Release|Any CPU
		{5B50610A-4319-4A94-B572-C206F2D4854C}.Debug|Any CPU.ActiveCfg = Debug|Any CPU
		{5B50610A-4319-4A94-B572-C206F2D4854C}.Debug|Any CPU.Build.0 = Debug|Any CPU
		{5B50610A-4319-4A94-B572-C206F2D4854C}.Release|Any CPU.ActiveCfg = Release|Any CPU
		{5B50610A-4319-4A94-B572-C206F2D4854C}.Release|Any CPU.Build.0 = Release|Any CPU
		{00677115-7649-43C1-BDA6-27F403170575}.Debug|Any CPU.ActiveCfg = Debug|Any CPU
		{00677115-7649-43C1-BDA6-27F403170575}.Debug|Any CPU.Build.0 = Debug|Any CPU
		{00677115-7649-43C1-BDA6-27F403170575}.Release|Any CPU.ActiveCfg = Release|Any CPU
		{00677115-7649-43C1-BDA6-27F403170575}.Release|Any CPU.Build.0 = Release|Any CPU
	EndGlobalSection
	GlobalSection(SolutionProperties) = preSolution
		HideSolutionNode = FALSE
	EndGlobalSection
EndGlobal
