
Microsoft Visual Studio Solution File, Format Version 12.00
Project("{FAE04EC0-301F-11D3-BF4B-00C04F79EFBC}") = "AdvancedAPI", "AdvancedAPI\AdvancedAPI.csproj", "{C8B1A7A2-655B-4CC4-83B8-317E47737D64}"
EndProject
Project("{FAE04EC0-301F-11D3-BF4B-00C04F79EFBC}") = "AdvancedAPI.Tests", "AdvancedAPI.Tests\AdvancedAPI.Tests.csproj", "{68B1C0FF-763F-49DC-B214-1EA6687BC8BE}"
EndProject
Project("{FAE04EC0-301F-11D3-BF4B-00C04F79EFBC}") = "AdvancedAPI.Business", "AdvancedAPI.Business\AdvancedAPI.Business.csproj", "{5B50610A-4319-4A94-B572-C206F2D4854C}"
EndProject
Project("{FAE04EC0-301F-11D3-BF4B-00C04F79EFBC}") = "AdvancedAPI.Data", "AdvancedAPI.Data\AdvancedAPI.Data.csproj", "{00677115-7649-43C1-BDA6-27F403170575}"
EndProject
Global
	GlobalSection(SolutionConfigurationPlatforms) = preSolution
		Debug|Any CPU = Debug|Any CPU
		Release|Any CPU = Release|Any CPU
	EndGlobalSection
	GlobalSection(ProjectConfigurationPlatforms) = postSolution
		{C8B1A7A2-655B-4CC4-83B8-317E47737D64}.Debug|Any CPU.ActiveCfg = Debug|Any CPU
		{C8B1A7A2-655B-4CC4-83B8-317E47737D64}.Debug|Any CPU.Build.0 = Debug|Any CPU
		{C8B1A7A2-655B-4CC4-83B8-317E47737D64}.Release|Any CPU.ActiveCfg = Release|Any CPU
		{C8B1A7A2-655B-4CC4-83B8-317E47737D64}.Release|Any CPU.Build.0 = Release|Any CPU
		{68B1C0FF-763F-49DC-B214-1EA6687BC8BE}.Debug|Any CPU.ActiveCfg = Debug|Any CPU
		{68B1C0FF-763F-49DC-B214-1EA6687BC8BE}.Debug|Any CPU.Build.0 = Debug|Any CPU
		{68B1C0FF-763F-49DC-B214-1EA6687BC8BE}.Release|Any CPU.ActiveCfg = Release|Any CPU
		{68B1C0FF-763F-49DC-B214-1EA6687BC8BE}.Release|Any CPU.Build.0 = Release|Any CPU
		{5B50610A-4319-4A94-B572-C206F2D4854C}.Debug|Any CPU.ActiveCfg = Debug|Any CPU
		{5B50610A-4319-4A94-B572-C206F2D4854C}.Debug|Any CPU.Build.0 = Debug|Any CPU
		{5B50610A-4319-4A94-B572-C206F2D4854C}.Release|Any CPU.ActiveCfg = Release|Any CPU
		{5B50610A-4319-4A94-B572-C206F2D4854C}.Release|Any CPU.Build.0 = Release|Any CPU
		{00677115-7649-43C1-BDA6-27F403170575}.Debug|Any CPU.ActiveCfg = Debug|Any CPU
		{00677115-7649-43C1-BDA6-27F403170575}.Debug|Any CPU.Build.0 = Debug|Any CPU
		{00677115-7649-43C1-BDA6-27F403170575}.Release|Any CPU.ActiveCfg = Release|Any CPU
		{00677115-7649-43C1-BDA6-27F403170575}.Release|Any CPU.Build.0 = Release|Any CPU
	EndGlobalSection
EndGlobal
